
Microsoft Visual Studio Solution File, Format Version 12.00
# Visual Studio Version 17
VisualStudioVersion = 17.5.33530.505
MinimumVisualStudioVersion = 10.0.40219.1
Project("{FAE04EC0-301F-11D3-BF4B-00C04F79EFBC}") = "Variables & Data Types", "Variables & Data Types.csproj", "{CD49BB86-57EE-4B92-8787-E934226A0CC2}"
EndProject
Global
	GlobalSection(SolutionConfigurationPlatforms) = preSolution
		Debug|Any CPU = Debug|Any CPU
		Release|Any CPU = Release|Any CPU
	EndGlobalSection
	GlobalSection(ProjectConfigurationPlatforms) = postSolution
		{CD49BB86-57EE-4B92-8787-E934226A0CC2}.Debug|Any CPU.ActiveCfg = Debug|Any CPU
		{CD49BB86-57EE-4B92-8787-E934226A0CC2}.Debug|Any CPU.Build.0 = Debug|Any CPU
		{CD49BB86-57EE-4B92-8787-E934226A0CC2}.Release|Any CPU.ActiveCfg = Release|Any CPU
		{CD49BB86-57EE-4B92-8787-E934226A0CC2}.Release|Any CPU.Build.0 = Release|Any CPU
	EndGlobalSection
	GlobalSection(SolutionProperties) = preSolution
		HideSolutionNode = FALSE
	EndGlobalSection
	GlobalSection(ExtensibilityGlobals) = postSolution
		SolutionGuid = {0FD9ED11-A93C-437C-B9CB-0A41A8BF37E3}
	EndGlobalSection
EndGlobal
